
Microsoft Visual Studio Solution File, Format Version 12.00
Project("{2150E333-8FDC-42A3-9474-1A3956D46DE8}") = "src", "src", "{C18FB106-C25F-44D2-AEAE-B5A311EE38EC}"
EndProject
Project("{2150E333-8FDC-42A3-9474-1A3956D46DE8}") = "Repository Items", "Repository Items", "{F19F4BCE-F728-4AF7-B4E3-8AA028A1F6A7}"
ProjectSection(SolutionItems) = preProject
	LICENSE = LICENSE
	README.md = README.md
EndProjectSection
EndProject
Project("{FAE04EC0-301F-11D3-BF4B-00C04F79EFBC}") = "Varyence.ValueObjects.DataAccess", "src\Varyence.ValueObjects.DataAccess\Varyence.ValueObjects.DataAccess.csproj", "{AD70F8A6-27CF-4BAE-939C-FE4721CF7C23}"
EndProject
Project("{FAE04EC0-301F-11D3-BF4B-00C04F79EFBC}") = "Varyence.ValueObjects.DataAccess.EF", "src\Varyence.ValueObjects.DataAccess.EF\Varyence.ValueObjects.DataAccess.EF.csproj", "{B886D611-0796-4669-990E-0A1D71012DD7}"
EndProject
Project("{2150E333-8FDC-42A3-9474-1A3956D46DE8}") = "Solution Items", "Solution Items", "{67FA0A96-8E95-41F4-9BAF-2153CB6624A7}"
EndProject
Project("{FAE04EC0-301F-11D3-BF4B-00C04F79EFBC}") = "Varyence.ValueObjects.ConsoleApp", "src\Varyence.ValueObjects.ConsoleApp\Varyence.ValueObjects.ConsoleApp.csproj", "{F8F9BB16-7E44-4B60-BA29-F54E86376FB9}"
EndProject
Project("{FAE04EC0-301F-11D3-BF4B-00C04F79EFBC}") = "Varyence.ValueObjects.Common", "src\Varyence.ValueObjects.Common\Varyence.ValueObjects.Common.csproj", "{504D9BEC-28C6-4D72-920D-A1A50DDDE1C5}"
EndProject
Global
	GlobalSection(SolutionConfigurationPlatforms) = preSolution
		Debug|Any CPU = Debug|Any CPU
		Release|Any CPU = Release|Any CPU
	EndGlobalSection
	GlobalSection(NestedProjects) = preSolution
		{AD70F8A6-27CF-4BAE-939C-FE4721CF7C23} = {C18FB106-C25F-44D2-AEAE-B5A311EE38EC}
		{B886D611-0796-4669-990E-0A1D71012DD7} = {C18FB106-C25F-44D2-AEAE-B5A311EE38EC}
		{F8F9BB16-7E44-4B60-BA29-F54E86376FB9} = {C18FB106-C25F-44D2-AEAE-B5A311EE38EC}
		{504D9BEC-28C6-4D72-920D-A1A50DDDE1C5} = {C18FB106-C25F-44D2-AEAE-B5A311EE38EC}
	EndGlobalSection
	GlobalSection(ProjectConfigurationPlatforms) = postSolution
		{AD70F8A6-27CF-4BAE-939C-FE4721CF7C23}.Debug|Any CPU.ActiveCfg = Debug|Any CPU
		{AD70F8A6-27CF-4BAE-939C-FE4721CF7C23}.Debug|Any CPU.Build.0 = Debug|Any CPU
		{AD70F8A6-27CF-4BAE-939C-FE4721CF7C23}.Release|Any CPU.ActiveCfg = Release|Any CPU
		{AD70F8A6-27CF-4BAE-939C-FE4721CF7C23}.Release|Any CPU.Build.0 = Release|Any CPU
		{B886D611-0796-4669-990E-0A1D71012DD7}.Debug|Any CPU.ActiveCfg = Debug|Any CPU
		{B886D611-0796-4669-990E-0A1D71012DD7}.Debug|Any CPU.Build.0 = Debug|Any CPU
		{B886D611-0796-4669-990E-0A1D71012DD7}.Release|Any CPU.ActiveCfg = Release|Any CPU
		{B886D611-0796-4669-990E-0A1D71012DD7}.Release|Any CPU.Build.0 = Release|Any CPU
		{F8F9BB16-7E44-4B60-BA29-F54E86376FB9}.Debug|Any CPU.ActiveCfg = Debug|Any CPU
		{F8F9BB16-7E44-4B60-BA29-F54E86376FB9}.Debug|Any CPU.Build.0 = Debug|Any CPU
		{F8F9BB16-7E44-4B60-BA29-F54E86376FB9}.Release|Any CPU.ActiveCfg = Release|Any CPU
		{F8F9BB16-7E44-4B60-BA29-F54E86376FB9}.Release|Any CPU.Build.0 = Release|Any CPU
		{504D9BEC-28C6-4D72-920D-A1A50DDDE1C5}.Debug|Any CPU.ActiveCfg = Debug|Any CPU
		{504D9BEC-28C6-4D72-920D-A1A50DDDE1C5}.Debug|Any CPU.Build.0 = Debug|Any CPU
		{504D9BEC-28C6-4D72-920D-A1A50DDDE1C5}.Release|Any CPU.ActiveCfg = Release|Any CPU
		{504D9BEC-28C6-4D72-920D-A1A50DDDE1C5}.Release|Any CPU.Build.0 = Release|Any CPU
	EndGlobalSection
EndGlobal
